// !$*UTF8*$!
{
	archiveVersion = 1;
	classes = {
	};
	objectVersion = 56;
	objects = {

/* Begin PBXBuildFile section */
		6F093CE92BDBFF6500541352 /* WebView.swift in Sources */ = {isa = PBXBuildFile; fileRef = 6F093CE82BDBFF6500541352 /* WebView.swift */; };
		6F093CEB2BDC0C1900541352 /* charts in Resources */ = {isa = PBXBuildFile; fileRef = 6F093CEA2BDC0C1900541352 /* charts */; };
		6F093CEE2BDCEF1800541352 /* ToastView.swift in Sources */ = {isa = PBXBuildFile; fileRef = 6F093CED2BDCEF1800541352 /* ToastView.swift */; };
		6F18D78A2BCADE1800E16FFA /* Stock_SearchApp.swift in Sources */ = {isa = PBXBuildFile; fileRef = 6F18D7892BCADE1800E16FFA /* Stock_SearchApp.swift */; };
		6F18D78C2BCADE1800E16FFA /* ContentView.swift in Sources */ = {isa = PBXBuildFile; fileRef = 6F18D78B2BCADE1800E16FFA /* ContentView.swift */; };
		6F18D78E2BCADE1900E16FFA /* Assets.xcassets in Resources */ = {isa = PBXBuildFile; fileRef = 6F18D78D2BCADE1900E16FFA /* Assets.xcassets */; };
		6F18D7912BCADE1900E16FFA /* Preview Assets.xcassets in Resources */ = {isa = PBXBuildFile; fileRef = 6F18D7902BCADE1900E16FFA /* Preview Assets.xcassets */; };
		6F18D79B2BCADE1900E16FFA /* Stock_SearchTests.swift in Sources */ = {isa = PBXBuildFile; fileRef = 6F18D79A2BCADE1900E16FFA /* Stock_SearchTests.swift */; };
		6F18D7A52BCADE1900E16FFA /* Stock_SearchUITests.swift in Sources */ = {isa = PBXBuildFile; fileRef = 6F18D7A42BCADE1900E16FFA /* Stock_SearchUITests.swift */; };
		6F18D7A72BCADE1900E16FFA /* Stock_SearchUITestsLaunchTests.swift in Sources */ = {isa = PBXBuildFile; fileRef = 6F18D7A62BCADE1900E16FFA /* Stock_SearchUITestsLaunchTests.swift */; };
		6F456C272BD078E2002F1004 /* Network.swift in Sources */ = {isa = PBXBuildFile; fileRef = 6F456C262BD078E2002F1004 /* Network.swift */; };
		6F456C292BD07F8B002F1004 /* WatchlistViewModel.swift in Sources */ = {isa = PBXBuildFile; fileRef = 6F456C282BD07F8B002F1004 /* WatchlistViewModel.swift */; };
		6F456C2B2BD08060002F1004 /* WatchlistView.swift in Sources */ = {isa = PBXBuildFile; fileRef = 6F456C2A2BD08060002F1004 /* WatchlistView.swift */; };
		6F456C2D2BD1141E002F1004 /* AutoCompleteView.swift in Sources */ = {isa = PBXBuildFile; fileRef = 6F456C2C2BD1141E002F1004 /* AutoCompleteView.swift */; };
		6F456C2F2BD1A661002F1004 /* AutoCompleteViewModel.swift in Sources */ = {isa = PBXBuildFile; fileRef = 6F456C2E2BD1A661002F1004 /* AutoCompleteViewModel.swift */; };
		6F456C312BD25B8E002F1004 /* StockSearchViewModel.swift in Sources */ = {isa = PBXBuildFile; fileRef = 6F456C302BD25B8E002F1004 /* StockSearchViewModel.swift */; };
		6F6109FC2BCE3F6B00D755E9 /* SwiftyJSON in Frameworks */ = {isa = PBXBuildFile; productRef = 6F6109FB2BCE3F6B00D755E9 /* SwiftyJSON */; };
		6F6109FF2BCE40F600D755E9 /* Alamofire in Frameworks */ = {isa = PBXBuildFile; productRef = 6F6109FE2BCE40F600D755E9 /* Alamofire */; };
		6F610A012BCE417800D755E9 /* StockModel.swift in Sources */ = {isa = PBXBuildFile; fileRef = 6F610A002BCE417800D755E9 /* StockModel.swift */; };
		6F610A032BCEF54800D755E9 /* PortfolioViewModel.swift in Sources */ = {isa = PBXBuildFile; fileRef = 6F610A022BCEF54800D755E9 /* PortfolioViewModel.swift */; };
		6F610A062BCEFD7300D755E9 /* constants.swift in Sources */ = {isa = PBXBuildFile; fileRef = 6F610A052BCEFD7300D755E9 /* constants.swift */; };
		6F610A082BCF044D00D755E9 /* PortfolioView.swift in Sources */ = {isa = PBXBuildFile; fileRef = 6F610A072BCF044D00D755E9 /* PortfolioView.swift */; };
		6FA0562F2BD36B8700DDDA8D /* StockSearchView.swift in Sources */ = {isa = PBXBuildFile; fileRef = 6FA0562E2BD36B8700DDDA8D /* StockSearchView.swift */; };
		6FA056312BD3956600DDDA8D /* DetailsView.swift in Sources */ = {isa = PBXBuildFile; fileRef = 6FA056302BD3956600DDDA8D /* DetailsView.swift */; };
		6FA056332BD3983700DDDA8D /* HourlyChartView.swift in Sources */ = {isa = PBXBuildFile; fileRef = 6FA056322BD3983700DDDA8D /* HourlyChartView.swift */; };
		6FA056352BD3984F00DDDA8D /* HistoricalChartView.swift in Sources */ = {isa = PBXBuildFile; fileRef = 6FA056342BD3984F00DDDA8D /* HistoricalChartView.swift */; };
		6FA056372BD3999900DDDA8D /* StockPortfolioView.swift in Sources */ = {isa = PBXBuildFile; fileRef = 6FA056362BD3999900DDDA8D /* StockPortfolioView.swift */; };
		6FAC3DE12BDCF92800465946 /* SuccessView.swift in Sources */ = {isa = PBXBuildFile; fileRef = 6FAC3DE02BDCF92800465946 /* SuccessView.swift */; };
		6FAC3DE42BDDDFE700465946 /* Kingfisher in Frameworks */ = {isa = PBXBuildFile; productRef = 6FAC3DE32BDDDFE700465946 /* Kingfisher */; };
		6FACD8EE2BD79A45000BCD2B /* NewsSheetView.swift in Sources */ = {isa = PBXBuildFile; fileRef = 6FACD8ED2BD79A45000BCD2B /* NewsSheetView.swift */; };
		6FACD8F32BD8482F000BCD2B /* PurchaseView.swift in Sources */ = {isa = PBXBuildFile; fileRef = 6FACD8F22BD8482F000BCD2B /* PurchaseView.swift */; };
		6FD6D39B2BD468F10032A69D /* AboutView.swift in Sources */ = {isa = PBXBuildFile; fileRef = 6FD6D39A2BD468F10032A69D /* AboutView.swift */; };
		6FD6D39D2BD47B110032A69D /* InsightsView.swift in Sources */ = {isa = PBXBuildFile; fileRef = 6FD6D39C2BD47B110032A69D /* InsightsView.swift */; };
		6FD6D39F2BD4A7290032A69D /* recommendationView.swift in Sources */ = {isa = PBXBuildFile; fileRef = 6FD6D39E2BD4A7290032A69D /* recommendationView.swift */; };
		6FD6D3A12BD4A74F0032A69D /* SurpriseView.swift in Sources */ = {isa = PBXBuildFile; fileRef = 6FD6D3A02BD4A74F0032A69D /* SurpriseView.swift */; };
		6FD6D3A32BD4A8A60032A69D /* NewsView.swift in Sources */ = {isa = PBXBuildFile; fileRef = 6FD6D3A22BD4A8A50032A69D /* NewsView.swift */; };
		6FE67E432BD45CAD00CDE427 /* StatsView.swift in Sources */ = {isa = PBXBuildFile; fileRef = 6FE67E422BD45CAD00CDE427 /* StatsView.swift */; };
/* End PBXBuildFile section */

/* Begin PBXContainerItemProxy section */
		6F18D7972BCADE1900E16FFA /* PBXContainerItemProxy */ = {
			isa = PBXContainerItemProxy;
			containerPortal = 6F18D77E2BCADE1800E16FFA /* Project object */;
			proxyType = 1;
			remoteGlobalIDString = 6F18D7852BCADE1800E16FFA;
			remoteInfo = "Stock Search";
		};
		6F18D7A12BCADE1900E16FFA /* PBXContainerItemProxy */ = {
			isa = PBXContainerItemProxy;
			containerPortal = 6F18D77E2BCADE1800E16FFA /* Project object */;
			proxyType = 1;
			remoteGlobalIDString = 6F18D7852BCADE1800E16FFA;
			remoteInfo = "Stock Search";
		};
/* End PBXContainerItemProxy section */

/* Begin PBXFileReference section */
		6F093CE82BDBFF6500541352 /* WebView.swift */ = {isa = PBXFileReference; lastKnownFileType = sourcecode.swift; path = WebView.swift; sourceTree = "<group>"; };
		6F093CEA2BDC0C1900541352 /* charts */ = {isa = PBXFileReference; lastKnownFileType = folder; path = charts; sourceTree = "<group>"; };
		6F093CED2BDCEF1800541352 /* ToastView.swift */ = {isa = PBXFileReference; lastKnownFileType = sourcecode.swift; path = ToastView.swift; sourceTree = "<group>"; };
		6F18D7862BCADE1800E16FFA /* Stock Search.app */ = {isa = PBXFileReference; explicitFileType = wrapper.application; includeInIndex = 0; path = "Stock Search.app"; sourceTree = BUILT_PRODUCTS_DIR; };
		6F18D7892BCADE1800E16FFA /* Stock_SearchApp.swift */ = {isa = PBXFileReference; lastKnownFileType = sourcecode.swift; path = Stock_SearchApp.swift; sourceTree = "<group>"; };
		6F18D78B2BCADE1800E16FFA /* ContentView.swift */ = {isa = PBXFileReference; indentWidth = 4; lastKnownFileType = sourcecode.swift; path = ContentView.swift; sourceTree = "<group>"; tabWidth = 4; wrapsLines = 1; };
		6F18D78D2BCADE1900E16FFA /* Assets.xcassets */ = {isa = PBXFileReference; lastKnownFileType = folder.assetcatalog; path = Assets.xcassets; sourceTree = "<group>"; };
		6F18D7902BCADE1900E16FFA /* Preview Assets.xcassets */ = {isa = PBXFileReference; lastKnownFileType = folder.assetcatalog; path = "Preview Assets.xcassets"; sourceTree = "<group>"; };
		6F18D7962BCADE1900E16FFA /* Stock SearchTests.xctest */ = {isa = PBXFileReference; explicitFileType = wrapper.cfbundle; includeInIndex = 0; path = "Stock SearchTests.xctest"; sourceTree = BUILT_PRODUCTS_DIR; };
		6F18D79A2BCADE1900E16FFA /* Stock_SearchTests.swift */ = {isa = PBXFileReference; lastKnownFileType = sourcecode.swift; path = Stock_SearchTests.swift; sourceTree = "<group>"; };
		6F18D7A02BCADE1900E16FFA /* Stock SearchUITests.xctest */ = {isa = PBXFileReference; explicitFileType = wrapper.cfbundle; includeInIndex = 0; path = "Stock SearchUITests.xctest"; sourceTree = BUILT_PRODUCTS_DIR; };
		6F18D7A42BCADE1900E16FFA /* Stock_SearchUITests.swift */ = {isa = PBXFileReference; lastKnownFileType = sourcecode.swift; path = Stock_SearchUITests.swift; sourceTree = "<group>"; };
		6F18D7A62BCADE1900E16FFA /* Stock_SearchUITestsLaunchTests.swift */ = {isa = PBXFileReference; lastKnownFileType = sourcecode.swift; path = Stock_SearchUITestsLaunchTests.swift; sourceTree = "<group>"; };
		6F456C262BD078E2002F1004 /* Network.swift */ = {isa = PBXFileReference; lastKnownFileType = sourcecode.swift; path = Network.swift; sourceTree = "<group>"; };
		6F456C282BD07F8B002F1004 /* WatchlistViewModel.swift */ = {isa = PBXFileReference; lastKnownFileType = sourcecode.swift; path = WatchlistViewModel.swift; sourceTree = "<group>"; };
		6F456C2A2BD08060002F1004 /* WatchlistView.swift */ = {isa = PBXFileReference; lastKnownFileType = sourcecode.swift; path = WatchlistView.swift; sourceTree = "<group>"; };
		6F456C2C2BD1141E002F1004 /* AutoCompleteView.swift */ = {isa = PBXFileReference; lastKnownFileType = sourcecode.swift; path = AutoCompleteView.swift; sourceTree = "<group>"; };
		6F456C2E2BD1A661002F1004 /* AutoCompleteViewModel.swift */ = {isa = PBXFileReference; lastKnownFileType = sourcecode.swift; path = AutoCompleteViewModel.swift; sourceTree = "<group>"; };
		6F456C302BD25B8E002F1004 /* StockSearchViewModel.swift */ = {isa = PBXFileReference; lastKnownFileType = sourcecode.swift; path = StockSearchViewModel.swift; sourceTree = "<group>"; };
		6F6109F02BCDB48800D755E9 /* Stock-Search-Info.plist */ = {isa = PBXFileReference; lastKnownFileType = text.plist; path = "Stock-Search-Info.plist"; sourceTree = SOURCE_ROOT; };
		6F610A002BCE417800D755E9 /* StockModel.swift */ = {isa = PBXFileReference; lastKnownFileType = sourcecode.swift; path = StockModel.swift; sourceTree = "<group>"; };
		6F610A022BCEF54800D755E9 /* PortfolioViewModel.swift */ = {isa = PBXFileReference; lastKnownFileType = sourcecode.swift; path = PortfolioViewModel.swift; sourceTree = "<group>"; };
		6F610A052BCEFD7300D755E9 /* constants.swift */ = {isa = PBXFileReference; lastKnownFileType = sourcecode.swift; path = constants.swift; sourceTree = "<group>"; };
		6F610A072BCF044D00D755E9 /* PortfolioView.swift */ = {isa = PBXFileReference; lastKnownFileType = sourcecode.swift; path = PortfolioView.swift; sourceTree = "<group>"; };
		6FA0562E2BD36B8700DDDA8D /* StockSearchView.swift */ = {isa = PBXFileReference; lastKnownFileType = sourcecode.swift; path = StockSearchView.swift; sourceTree = "<group>"; };
		6FA056302BD3956600DDDA8D /* DetailsView.swift */ = {isa = PBXFileReference; lastKnownFileType = sourcecode.swift; path = DetailsView.swift; sourceTree = "<group>"; };
		6FA056322BD3983700DDDA8D /* HourlyChartView.swift */ = {isa = PBXFileReference; lastKnownFileType = sourcecode.swift; path = HourlyChartView.swift; sourceTree = "<group>"; };
		6FA056342BD3984F00DDDA8D /* HistoricalChartView.swift */ = {isa = PBXFileReference; lastKnownFileType = sourcecode.swift; path = HistoricalChartView.swift; sourceTree = "<group>"; };
		6FA056362BD3999900DDDA8D /* StockPortfolioView.swift */ = {isa = PBXFileReference; lastKnownFileType = sourcecode.swift; path = StockPortfolioView.swift; sourceTree = "<group>"; };
		6FAC3DE02BDCF92800465946 /* SuccessView.swift */ = {isa = PBXFileReference; lastKnownFileType = sourcecode.swift; path = SuccessView.swift; sourceTree = "<group>"; };
		6FACD8ED2BD79A45000BCD2B /* NewsSheetView.swift */ = {isa = PBXFileReference; lastKnownFileType = sourcecode.swift; path = NewsSheetView.swift; sourceTree = "<group>"; };
		6FACD8F22BD8482F000BCD2B /* PurchaseView.swift */ = {isa = PBXFileReference; lastKnownFileType = sourcecode.swift; path = PurchaseView.swift; sourceTree = "<group>"; };
		6FD6D39A2BD468F10032A69D /* AboutView.swift */ = {isa = PBXFileReference; lastKnownFileType = sourcecode.swift; path = AboutView.swift; sourceTree = "<group>"; };
		6FD6D39C2BD47B110032A69D /* InsightsView.swift */ = {isa = PBXFileReference; lastKnownFileType = sourcecode.swift; path = InsightsView.swift; sourceTree = "<group>"; };
		6FD6D39E2BD4A7290032A69D /* recommendationView.swift */ = {isa = PBXFileReference; lastKnownFileType = sourcecode.swift; path = recommendationView.swift; sourceTree = "<group>"; };
		6FD6D3A02BD4A74F0032A69D /* SurpriseView.swift */ = {isa = PBXFileReference; lastKnownFileType = sourcecode.swift; path = SurpriseView.swift; sourceTree = "<group>"; };
		6FD6D3A22BD4A8A50032A69D /* NewsView.swift */ = {isa = PBXFileReference; lastKnownFileType = sourcecode.swift; path = NewsView.swift; sourceTree = "<group>"; };
		6FE67E422BD45CAD00CDE427 /* StatsView.swift */ = {isa = PBXFileReference; lastKnownFileType = sourcecode.swift; path = StatsView.swift; sourceTree = "<group>"; };
/* End PBXFileReference section */

/* Begin PBXFrameworksBuildPhase section */
		6F18D7832BCADE1800E16FFA /* Frameworks */ = {
			isa = PBXFrameworksBuildPhase;
			buildActionMask = 2147483647;
			files = (
				6FAC3DE42BDDDFE700465946 /* Kingfisher in Frameworks */,
				6F6109FC2BCE3F6B00D755E9 /* SwiftyJSON in Frameworks */,
				6F6109FF2BCE40F600D755E9 /* Alamofire in Frameworks */,
			);
			runOnlyForDeploymentPostprocessing = 0;
		};
		6F18D7932BCADE1900E16FFA /* Frameworks */ = {
			isa = PBXFrameworksBuildPhase;
			buildActionMask = 2147483647;
			files = (
			);
			runOnlyForDeploymentPostprocessing = 0;
		};
		6F18D79D2BCADE1900E16FFA /* Frameworks */ = {
			isa = PBXFrameworksBuildPhase;
			buildActionMask = 2147483647;
			files = (
			);
			runOnlyForDeploymentPostprocessing = 0;
		};
/* End PBXFrameworksBuildPhase section */

/* Begin PBXGroup section */
		6F093CEC2BDCEED200541352 /* helperViews */ = {
			isa = PBXGroup;
			children = (
				6FACD8F12BD84809000BCD2B /* Sheets */,
				6F093CE82BDBFF6500541352 /* WebView.swift */,
				6F093CED2BDCEF1800541352 /* ToastView.swift */,
			);
			path = helperViews;
			sourceTree = "<group>";
		};
		6F18D77D2BCADE1800E16FFA = {
			isa = PBXGroup;
			children = (
				6F093CEA2BDC0C1900541352 /* charts */,
				6F18D7882BCADE1800E16FFA /* Stock Search */,
				6F18D7992BCADE1900E16FFA /* Stock SearchTests */,
				6F18D7A32BCADE1900E16FFA /* Stock SearchUITests */,
				6F18D7872BCADE1800E16FFA /* Products */,
				6F6109FD2BCE40F600D755E9 /* Frameworks */,
			);
			sourceTree = "<group>";
		};
		6F18D7872BCADE1800E16FFA /* Products */ = {
			isa = PBXGroup;
			children = (
				6F18D7862BCADE1800E16FFA /* Stock Search.app */,
				6F18D7962BCADE1900E16FFA /* Stock SearchTests.xctest */,
				6F18D7A02BCADE1900E16FFA /* Stock SearchUITests.xctest */,
			);
			name = Products;
			sourceTree = "<group>";
		};
		6F18D7882BCADE1800E16FFA /* Stock Search */ = {
			isa = PBXGroup;
			children = (
				6F456C252BD078C6002F1004 /* Services */,
				6F610A042BCEFD6200D755E9 /* Constants */,
				6F6109F52BCE33EE00D755E9 /* Views */,
				6F6109F42BCE33DD00D755E9 /* ViewModels */,
				6F6109F32BCE33D000D755E9 /* Models */,
				6F6109F02BCDB48800D755E9 /* Stock-Search-Info.plist */,
				6F18D7892BCADE1800E16FFA /* Stock_SearchApp.swift */,
				6F18D78D2BCADE1900E16FFA /* Assets.xcassets */,
				6F18D78F2BCADE1900E16FFA /* Preview Content */,
			);
			path = "Stock Search";
			sourceTree = "<group>";
		};
		6F18D78F2BCADE1900E16FFA /* Preview Content */ = {
			isa = PBXGroup;
			children = (
				6F18D7902BCADE1900E16FFA /* Preview Assets.xcassets */,
			);
			path = "Preview Content";
			sourceTree = "<group>";
		};
		6F18D7992BCADE1900E16FFA /* Stock SearchTests */ = {
			isa = PBXGroup;
			children = (
				6F18D79A2BCADE1900E16FFA /* Stock_SearchTests.swift */,
			);
			path = "Stock SearchTests";
			sourceTree = "<group>";
		};
		6F18D7A32BCADE1900E16FFA /* Stock SearchUITests */ = {
			isa = PBXGroup;
			children = (
				6F18D7A42BCADE1900E16FFA /* Stock_SearchUITests.swift */,
				6F18D7A62BCADE1900E16FFA /* Stock_SearchUITestsLaunchTests.swift */,
			);
			path = "Stock SearchUITests";
			sourceTree = "<group>";
		};
		6F456C252BD078C6002F1004 /* Services */ = {
			isa = PBXGroup;
			children = (
				6F456C262BD078E2002F1004 /* Network.swift */,
			);
			path = Services;
			sourceTree = "<group>";
		};
		6F6109F32BCE33D000D755E9 /* Models */ = {
			isa = PBXGroup;
			children = (
				6F610A002BCE417800D755E9 /* StockModel.swift */,
			);
			path = Models;
			sourceTree = "<group>";
		};
		6F6109F42BCE33DD00D755E9 /* ViewModels */ = {
			isa = PBXGroup;
			children = (
				6F610A022BCEF54800D755E9 /* PortfolioViewModel.swift */,
				6F456C282BD07F8B002F1004 /* WatchlistViewModel.swift */,
				6F456C2E2BD1A661002F1004 /* AutoCompleteViewModel.swift */,
				6F456C302BD25B8E002F1004 /* StockSearchViewModel.swift */,
			);
			path = ViewModels;
			sourceTree = "<group>";
		};
		6F6109F52BCE33EE00D755E9 /* Views */ = {
			isa = PBXGroup;
			children = (
				6F093CEC2BDCEED200541352 /* helperViews */,
				6F18D78B2BCADE1800E16FFA /* ContentView.swift */,
				6FACD8F02BD847D2000BCD2B /* SecondScreen */,
				6FACD8EF2BD8466F000BCD2B /* FirstScreen */,
			);
			path = Views;
			sourceTree = "<group>";
		};
		6F6109FD2BCE40F600D755E9 /* Frameworks */ = {
			isa = PBXGroup;
			children = (
			);
			name = Frameworks;
			sourceTree = "<group>";
		};
		6F610A042BCEFD6200D755E9 /* Constants */ = {
			isa = PBXGroup;
			children = (
				6F610A052BCEFD7300D755E9 /* constants.swift */,
			);
			path = Constants;
			sourceTree = "<group>";
		};
		6FACD8EF2BD8466F000BCD2B /* FirstScreen */ = {
			isa = PBXGroup;
			children = (
				6F610A072BCF044D00D755E9 /* PortfolioView.swift */,
				6F456C2A2BD08060002F1004 /* WatchlistView.swift */,
				6F456C2C2BD1141E002F1004 /* AutoCompleteView.swift */,
			);
			path = FirstScreen;
			sourceTree = "<group>";
		};
		6FACD8F02BD847D2000BCD2B /* SecondScreen */ = {
			isa = PBXGroup;
			children = (
				6FD6D3A22BD4A8A50032A69D /* NewsView.swift */,
				6FA0562E2BD36B8700DDDA8D /* StockSearchView.swift */,
				6FA056302BD3956600DDDA8D /* DetailsView.swift */,
				6FA056322BD3983700DDDA8D /* HourlyChartView.swift */,
				6FA056342BD3984F00DDDA8D /* HistoricalChartView.swift */,
				6FA056362BD3999900DDDA8D /* StockPortfolioView.swift */,
				6FE67E422BD45CAD00CDE427 /* StatsView.swift */,
				6FD6D39A2BD468F10032A69D /* AboutView.swift */,
				6FD6D39C2BD47B110032A69D /* InsightsView.swift */,
				6FD6D39E2BD4A7290032A69D /* recommendationView.swift */,
				6FD6D3A02BD4A74F0032A69D /* SurpriseView.swift */,
			);
			path = SecondScreen;
			sourceTree = "<group>";
		};
		6FACD8F12BD84809000BCD2B /* Sheets */ = {
			isa = PBXGroup;
			children = (
				6FACD8ED2BD79A45000BCD2B /* NewsSheetView.swift */,
				6FACD8F22BD8482F000BCD2B /* PurchaseView.swift */,
				6FAC3DE02BDCF92800465946 /* SuccessView.swift */,
			);
			path = Sheets;
			sourceTree = "<group>";
		};
/* End PBXGroup section */

/* Begin PBXNativeTarget section */
		6F18D7852BCADE1800E16FFA /* Stock Search */ = {
			isa = PBXNativeTarget;
			buildConfigurationList = 6F18D7AA2BCADE1900E16FFA /* Build configuration list for PBXNativeTarget "Stock Search" */;
			buildPhases = (
				6F18D7822BCADE1800E16FFA /* Sources */,
				6F18D7832BCADE1800E16FFA /* Frameworks */,
				6F18D7842BCADE1800E16FFA /* Resources */,
			);
			buildRules = (
			);
			dependencies = (
			);
			name = "Stock Search";
			packageProductDependencies = (
				6F6109FB2BCE3F6B00D755E9 /* SwiftyJSON */,
				6F6109FE2BCE40F600D755E9 /* Alamofire */,
				6FAC3DE32BDDDFE700465946 /* Kingfisher */,
			);
			productName = "Stock Search";
			productReference = 6F18D7862BCADE1800E16FFA /* Stock Search.app */;
			productType = "com.apple.product-type.application";
		};
		6F18D7952BCADE1900E16FFA /* Stock SearchTests */ = {
			isa = PBXNativeTarget;
			buildConfigurationList = 6F18D7AD2BCADE1900E16FFA /* Build configuration list for PBXNativeTarget "Stock SearchTests" */;
			buildPhases = (
				6F18D7922BCADE1900E16FFA /* Sources */,
				6F18D7932BCADE1900E16FFA /* Frameworks */,
				6F18D7942BCADE1900E16FFA /* Resources */,
			);
			buildRules = (
			);
			dependencies = (
				6F18D7982BCADE1900E16FFA /* PBXTargetDependency */,
			);
			name = "Stock SearchTests";
			productName = "Stock SearchTests";
			productReference = 6F18D7962BCADE1900E16FFA /* Stock SearchTests.xctest */;
			productType = "com.apple.product-type.bundle.unit-test";
		};
		6F18D79F2BCADE1900E16FFA /* Stock SearchUITests */ = {
			isa = PBXNativeTarget;
			buildConfigurationList = 6F18D7B02BCADE1900E16FFA /* Build configuration list for PBXNativeTarget "Stock SearchUITests" */;
			buildPhases = (
				6F18D79C2BCADE1900E16FFA /* Sources */,
				6F18D79D2BCADE1900E16FFA /* Frameworks */,
				6F18D79E2BCADE1900E16FFA /* Resources */,
			);
			buildRules = (
			);
			dependencies = (
				6F18D7A22BCADE1900E16FFA /* PBXTargetDependency */,
			);
			name = "Stock SearchUITests";
			productName = "Stock SearchUITests";
			productReference = 6F18D7A02BCADE1900E16FFA /* Stock SearchUITests.xctest */;
			productType = "com.apple.product-type.bundle.ui-testing";
		};
/* End PBXNativeTarget section */

/* Begin PBXProject section */
		6F18D77E2BCADE1800E16FFA /* Project object */ = {
			isa = PBXProject;
			attributes = {
				BuildIndependentTargetsInParallel = 1;
				LastSwiftUpdateCheck = 1510;
				LastUpgradeCheck = 1510;
				TargetAttributes = {
					6F18D7852BCADE1800E16FFA = {
						CreatedOnToolsVersion = 15.1;
					};
					6F18D7952BCADE1900E16FFA = {
						CreatedOnToolsVersion = 15.1;
						TestTargetID = 6F18D7852BCADE1800E16FFA;
					};
					6F18D79F2BCADE1900E16FFA = {
						CreatedOnToolsVersion = 15.1;
						TestTargetID = 6F18D7852BCADE1800E16FFA;
					};
				};
			};
			buildConfigurationList = 6F18D7812BCADE1800E16FFA /* Build configuration list for PBXProject "Stock Search" */;
			compatibilityVersion = "Xcode 14.0";
			developmentRegion = en;
			hasScannedForEncodings = 0;
			knownRegions = (
				en,
				Base,
			);
			mainGroup = 6F18D77D2BCADE1800E16FFA;
			packageReferences = (
				6F6109F92BCE3F1C00D755E9 /* XCRemoteSwiftPackageReference "Alamofire" */,
				6F6109FA2BCE3F6B00D755E9 /* XCRemoteSwiftPackageReference "SwiftyJSON" */,
				6FAC3DE22BDDDFE700465946 /* XCRemoteSwiftPackageReference "Kingfisher" */,
			);
			productRefGroup = 6F18D7872BCADE1800E16FFA /* Products */;
			projectDirPath = "";
			projectRoot = "";
			targets = (
				6F18D7852BCADE1800E16FFA /* Stock Search */,
				6F18D7952BCADE1900E16FFA /* Stock SearchTests */,
				6F18D79F2BCADE1900E16FFA /* Stock SearchUITests */,
			);
		};
/* End PBXProject section */

/* Begin PBXResourcesBuildPhase section */
		6F18D7842BCADE1800E16FFA /* Resources */ = {
			isa = PBXResourcesBuildPhase;
			buildActionMask = 2147483647;
			files = (
				6F093CEB2BDC0C1900541352 /* charts in Resources */,
				6F18D7912BCADE1900E16FFA /* Preview Assets.xcassets in Resources */,
				6F18D78E2BCADE1900E16FFA /* Assets.xcassets in Resources */,
			);
			runOnlyForDeploymentPostprocessing = 0;
		};
		6F18D7942BCADE1900E16FFA /* Resources */ = {
			isa = PBXResourcesBuildPhase;
			buildActionMask = 2147483647;
			files = (
			);
			runOnlyForDeploymentPostprocessing = 0;
		};
		6F18D79E2BCADE1900E16FFA /* Resources */ = {
			isa = PBXResourcesBuildPhase;
			buildActionMask = 2147483647;
			files = (
			);
			runOnlyForDeploymentPostprocessing = 0;
		};
/* End PBXResourcesBuildPhase section */

/* Begin PBXSourcesBuildPhase section */
		6F18D7822BCADE1800E16FFA /* Sources */ = {
			isa = PBXSourcesBuildPhase;
			buildActionMask = 2147483647;
			files = (
				6F456C2D2BD1141E002F1004 /* AutoCompleteView.swift in Sources */,
				6FD6D3A12BD4A74F0032A69D /* SurpriseView.swift in Sources */,
				6FD6D39D2BD47B110032A69D /* InsightsView.swift in Sources */,
				6FA056312BD3956600DDDA8D /* DetailsView.swift in Sources */,
				6F456C2B2BD08060002F1004 /* WatchlistView.swift in Sources */,
				6FA056352BD3984F00DDDA8D /* HistoricalChartView.swift in Sources */,
				6F456C312BD25B8E002F1004 /* StockSearchViewModel.swift in Sources */,
				6F610A012BCE417800D755E9 /* StockModel.swift in Sources */,
				6F456C292BD07F8B002F1004 /* WatchlistViewModel.swift in Sources */,
				6F456C272BD078E2002F1004 /* Network.swift in Sources */,
				6FE67E432BD45CAD00CDE427 /* StatsView.swift in Sources */,
				6FD6D39F2BD4A7290032A69D /* recommendationView.swift in Sources */,
				6F610A082BCF044D00D755E9 /* PortfolioView.swift in Sources */,
				6F18D78C2BCADE1800E16FFA /* ContentView.swift in Sources */,
				6FA056332BD3983700DDDA8D /* HourlyChartView.swift in Sources */,
				6F093CE92BDBFF6500541352 /* WebView.swift in Sources */,
				6F093CEE2BDCEF1800541352 /* ToastView.swift in Sources */,
				6FA0562F2BD36B8700DDDA8D /* StockSearchView.swift in Sources */,
				6F456C2F2BD1A661002F1004 /* AutoCompleteViewModel.swift in Sources */,
				6F18D78A2BCADE1800E16FFA /* Stock_SearchApp.swift in Sources */,
				6FAC3DE12BDCF92800465946 /* SuccessView.swift in Sources */,
				6FACD8F32BD8482F000BCD2B /* PurchaseView.swift in Sources */,
				6FA056372BD3999900DDDA8D /* StockPortfolioView.swift in Sources */,
				6FD6D39B2BD468F10032A69D /* AboutView.swift in Sources */,
				6FD6D3A32BD4A8A60032A69D /* NewsView.swift in Sources */,
				6F610A032BCEF54800D755E9 /* PortfolioViewModel.swift in Sources */,
				6F610A062BCEFD7300D755E9 /* constants.swift in Sources */,
				6FACD8EE2BD79A45000BCD2B /* NewsSheetView.swift in Sources */,
			);
			runOnlyForDeploymentPostprocessing = 0;
		};
		6F18D7922BCADE1900E16FFA /* Sources */ = {
			isa = PBXSourcesBuildPhase;
			buildActionMask = 2147483647;
			files = (
				6F18D79B2BCADE1900E16FFA /* Stock_SearchTests.swift in Sources */,
			);
			runOnlyForDeploymentPostprocessing = 0;
		};
		6F18D79C2BCADE1900E16FFA /* Sources */ = {
			isa = PBXSourcesBuildPhase;
			buildActionMask = 2147483647;
			files = (
				6F18D7A52BCADE1900E16FFA /* Stock_SearchUITests.swift in Sources */,
				6F18D7A72BCADE1900E16FFA /* Stock_SearchUITestsLaunchTests.swift in Sources */,
			);
			runOnlyForDeploymentPostprocessing = 0;
		};
/* End PBXSourcesBuildPhase section */

/* Begin PBXTargetDependency section */
		6F18D7982BCADE1900E16FFA /* PBXTargetDependency */ = {
			isa = PBXTargetDependency;
			target = 6F18D7852BCADE1800E16FFA /* Stock Search */;
			targetProxy = 6F18D7972BCADE1900E16FFA /* PBXContainerItemProxy */;
		};
		6F18D7A22BCADE1900E16FFA /* PBXTargetDependency */ = {
			isa = PBXTargetDependency;
			target = 6F18D7852BCADE1800E16FFA /* Stock Search */;
			targetProxy = 6F18D7A12BCADE1900E16FFA /* PBXContainerItemProxy */;
		};
/* End PBXTargetDependency section */

/* Begin XCBuildConfiguration section */
		6F18D7A82BCADE1900E16FFA /* Debug */ = {
			isa = XCBuildConfiguration;
			buildSettings = {
				ALWAYS_SEARCH_USER_PATHS = NO;
				ASSETCATALOG_COMPILER_GENERATE_SWIFT_ASSET_SYMBOL_EXTENSIONS = YES;
				CLANG_ANALYZER_NONNULL = YES;
				CLANG_ANALYZER_NUMBER_OBJECT_CONVERSION = YES_AGGRESSIVE;
				CLANG_CXX_LANGUAGE_STANDARD = "gnu++20";
				CLANG_ENABLE_MODULES = YES;
				CLANG_ENABLE_OBJC_ARC = YES;
				CLANG_ENABLE_OBJC_WEAK = YES;
				CLANG_WARN_BLOCK_CAPTURE_AUTORELEASING = YES;
				CLANG_WARN_BOOL_CONVERSION = YES;
				CLANG_WARN_COMMA = YES;
				CLANG_WARN_CONSTANT_CONVERSION = YES;
				CLANG_WARN_DEPRECATED_OBJC_IMPLEMENTATIONS = YES;
				CLANG_WARN_DIRECT_OBJC_ISA_USAGE = YES_ERROR;
				CLANG_WARN_DOCUMENTATION_COMMENTS = YES;
				CLANG_WARN_EMPTY_BODY = YES;
				CLANG_WARN_ENUM_CONVERSION = YES;
				CLANG_WARN_INFINITE_RECURSION = YES;
				CLANG_WARN_INT_CONVERSION = YES;
				CLANG_WARN_NON_LITERAL_NULL_CONVERSION = YES;
				CLANG_WARN_OBJC_IMPLICIT_RETAIN_SELF = YES;
				CLANG_WARN_OBJC_LITERAL_CONVERSION = YES;
				CLANG_WARN_OBJC_ROOT_CLASS = YES_ERROR;
				CLANG_WARN_QUOTED_INCLUDE_IN_FRAMEWORK_HEADER = YES;
				CLANG_WARN_RANGE_LOOP_ANALYSIS = YES;
				CLANG_WARN_STRICT_PROTOTYPES = YES;
				CLANG_WARN_SUSPICIOUS_MOVE = YES;
				CLANG_WARN_UNGUARDED_AVAILABILITY = YES_AGGRESSIVE;
				CLANG_WARN_UNREACHABLE_CODE = YES;
				CLANG_WARN__DUPLICATE_METHOD_MATCH = YES;
				COPY_PHASE_STRIP = NO;
				DEBUG_INFORMATION_FORMAT = dwarf;
				ENABLE_STRICT_OBJC_MSGSEND = YES;
				ENABLE_TESTABILITY = YES;
				ENABLE_USER_SCRIPT_SANDBOXING = YES;
				GCC_C_LANGUAGE_STANDARD = gnu17;
				GCC_DYNAMIC_NO_PIC = NO;
				GCC_NO_COMMON_BLOCKS = YES;
				GCC_OPTIMIZATION_LEVEL = 0;
				GCC_PREPROCESSOR_DEFINITIONS = (
					"DEBUG=1",
					"$(inherited)",
				);
				GCC_WARN_64_TO_32_BIT_CONVERSION = YES;
				GCC_WARN_ABOUT_RETURN_TYPE = YES_ERROR;
				GCC_WARN_UNDECLARED_SELECTOR = YES;
				GCC_WARN_UNINITIALIZED_AUTOS = YES_AGGRESSIVE;
				GCC_WARN_UNUSED_FUNCTION = YES;
				GCC_WARN_UNUSED_VARIABLE = YES;
				IPHONEOS_DEPLOYMENT_TARGET = 17.2;
				LOCALIZATION_PREFERS_STRING_CATALOGS = YES;
				MTL_ENABLE_DEBUG_INFO = INCLUDE_SOURCE;
				MTL_FAST_MATH = YES;
				ONLY_ACTIVE_ARCH = YES;
				SDKROOT = iphoneos;
				SWIFT_ACTIVE_COMPILATION_CONDITIONS = "DEBUG $(inherited)";
				SWIFT_OPTIMIZATION_LEVEL = "-Onone";
			};
			name = Debug;
		};
		6F18D7A92BCADE1900E16FFA /* Release */ = {
			isa = XCBuildConfiguration;
			buildSettings = {
				ALWAYS_SEARCH_USER_PATHS = NO;
				ASSETCATALOG_COMPILER_GENERATE_SWIFT_ASSET_SYMBOL_EXTENSIONS = YES;
				CLANG_ANALYZER_NONNULL = YES;
				CLANG_ANALYZER_NUMBER_OBJECT_CONVERSION = YES_AGGRESSIVE;
				CLANG_CXX_LANGUAGE_STANDARD = "gnu++20";
				CLANG_ENABLE_MODULES = YES;
				CLANG_ENABLE_OBJC_ARC = YES;
				CLANG_ENABLE_OBJC_WEAK = YES;
				CLANG_WARN_BLOCK_CAPTURE_AUTORELEASING = YES;
				CLANG_WARN_BOOL_CONVERSION = YES;
				CLANG_WARN_COMMA = YES;
				CLANG_WARN_CONSTANT_CONVERSION = YES;
				CLANG_WARN_DEPRECATED_OBJC_IMPLEMENTATIONS = YES;
				CLANG_WARN_DIRECT_OBJC_ISA_USAGE = YES_ERROR;
				CLANG_WARN_DOCUMENTATION_COMMENTS = YES;
				CLANG_WARN_EMPTY_BODY = YES;
				CLANG_WARN_ENUM_CONVERSION = YES;
				CLANG_WARN_INFINITE_RECURSION = YES;
				CLANG_WARN_INT_CONVERSION = YES;
				CLANG_WARN_NON_LITERAL_NULL_CONVERSION = YES;
				CLANG_WARN_OBJC_IMPLICIT_RETAIN_SELF = YES;
				CLANG_WARN_OBJC_LITERAL_CONVERSION = YES;
				CLANG_WARN_OBJC_ROOT_CLASS = YES_ERROR;
				CLANG_WARN_QUOTED_INCLUDE_IN_FRAMEWORK_HEADER = YES;
				CLANG_WARN_RANGE_LOOP_ANALYSIS = YES;
				CLANG_WARN_STRICT_PROTOTYPES = YES;
				CLANG_WARN_SUSPICIOUS_MOVE = YES;
				CLANG_WARN_UNGUARDED_AVAILABILITY = YES_AGGRESSIVE;
				CLANG_WARN_UNREACHABLE_CODE = YES;
				CLANG_WARN__DUPLICATE_METHOD_MATCH = YES;
				COPY_PHASE_STRIP = NO;
				DEBUG_INFORMATION_FORMAT = "dwarf-with-dsym";
				ENABLE_NS_ASSERTIONS = NO;
				ENABLE_STRICT_OBJC_MSGSEND = YES;
				ENABLE_USER_SCRIPT_SANDBOXING = YES;
				GCC_C_LANGUAGE_STANDARD = gnu17;
				GCC_NO_COMMON_BLOCKS = YES;
				GCC_WARN_64_TO_32_BIT_CONVERSION = YES;
				GCC_WARN_ABOUT_RETURN_TYPE = YES_ERROR;
				GCC_WARN_UNDECLARED_SELECTOR = YES;
				GCC_WARN_UNINITIALIZED_AUTOS = YES_AGGRESSIVE;
				GCC_WARN_UNUSED_FUNCTION = YES;
				GCC_WARN_UNUSED_VARIABLE = YES;
				IPHONEOS_DEPLOYMENT_TARGET = 17.2;
				LOCALIZATION_PREFERS_STRING_CATALOGS = YES;
				MTL_ENABLE_DEBUG_INFO = NO;
				MTL_FAST_MATH = YES;
				SDKROOT = iphoneos;
				SWIFT_COMPILATION_MODE = wholemodule;
				VALIDATE_PRODUCT = YES;
			};
			name = Release;
		};
		6F18D7AB2BCADE1900E16FFA /* Debug */ = {
			isa = XCBuildConfiguration;
			buildSettings = {
				ASSETCATALOG_COMPILER_APPICON_NAME = AppIcon;
				ASSETCATALOG_COMPILER_GLOBAL_ACCENT_COLOR_NAME = AccentColor;
				CODE_SIGN_STYLE = Automatic;
				CURRENT_PROJECT_VERSION = 1;
				DEVELOPMENT_ASSET_PATHS = "\"Stock Search/Preview Content\"";
				ENABLE_PREVIEWS = YES;
				GENERATE_INFOPLIST_FILE = YES;
				INFOPLIST_FILE = "Stock-Search-Info.plist";
				INFOPLIST_KEY_UIApplicationSceneManifest_Generation = YES;
				INFOPLIST_KEY_UIApplicationSupportsIndirectInputEvents = YES;
				INFOPLIST_KEY_UISupportedInterfaceOrientations_iPad = "UIInterfaceOrientationPortrait UIInterfaceOrientationPortraitUpsideDown UIInterfaceOrientationLandscapeLeft UIInterfaceOrientationLandscapeRight";
				INFOPLIST_KEY_UISupportedInterfaceOrientations_iPhone = "UIInterfaceOrientationPortrait UIInterfaceOrientationLandscapeLeft UIInterfaceOrientationLandscapeRight";
				LD_RUNPATH_SEARCH_PATHS = (
					"$(inherited)",
					"@executable_path/Frameworks",
				);
				MARKETING_VERSION = 1.0;
				PRODUCT_BUNDLE_IDENTIFIER = "com.dreddyyerram.Stock-Search";
				PRODUCT_NAME = "$(TARGET_NAME)";
				SWIFT_EMIT_LOC_STRINGS = YES;
				SWIFT_VERSION = 5.0;
				TARGETED_DEVICE_FAMILY = "1,2";
			};
			name = Debug;
		};
		6F18D7AC2BCADE1900E16FFA /* Release */ = {
			isa = XCBuildConfiguration;
			buildSettings = {
				ASSETCATALOG_COMPILER_APPICON_NAME = AppIcon;
				ASSETCATALOG_COMPILER_GLOBAL_ACCENT_COLOR_NAME = AccentColor;
				CODE_SIGN_STYLE = Automatic;
				CURRENT_PROJECT_VERSION = 1;
				DEVELOPMENT_ASSET_PATHS = "\"Stock Search/Preview Content\"";
				ENABLE_PREVIEWS = YES;
				GENERATE_INFOPLIST_FILE = YES;
				INFOPLIST_FILE = "Stock-Search-Info.plist";
				INFOPLIST_KEY_UIApplicationSceneManifest_Generation = YES;
				INFOPLIST_KEY_UIApplicationSupportsIndirectInputEvents = YES;
				INFOPLIST_KEY_UISupportedInterfaceOrientations_iPad = "UIInterfaceOrientationPortrait UIInterfaceOrientationPortraitUpsideDown UIInterfaceOrientationLandscapeLeft UIInterfaceOrientationLandscapeRight";
				INFOPLIST_KEY_UISupportedInterfaceOrientations_iPhone = "UIInterfaceOrientationPortrait UIInterfaceOrientationLandscapeLeft UIInterfaceOrientationLandscapeRight";
				LD_RUNPATH_SEARCH_PATHS = (
					"$(inherited)",
					"@executable_path/Frameworks",
				);
				MARKETING_VERSION = 1.0;
				PRODUCT_BUNDLE_IDENTIFIER = "com.dreddyyerram.Stock-Search";
				PRODUCT_NAME = "$(TARGET_NAME)";
				SWIFT_EMIT_LOC_STRINGS = YES;
				SWIFT_VERSION = 5.0;
				TARGETED_DEVICE_FAMILY = "1,2";
			};
			name = Release;
		};
		6F18D7AE2BCADE1900E16FFA /* Debug */ = {
			isa = XCBuildConfiguration;
			buildSettings = {
				ALWAYS_EMBED_SWIFT_STANDARD_LIBRARIES = YES;
				BUNDLE_LOADER = "$(TEST_HOST)";
				CODE_SIGN_STYLE = Automatic;
				CURRENT_PROJECT_VERSION = 1;
				GENERATE_INFOPLIST_FILE = YES;
				IPHONEOS_DEPLOYMENT_TARGET = 17.2;
				MARKETING_VERSION = 1.0;
				PRODUCT_BUNDLE_IDENTIFIER = "com.dreddyyerram.Stock-SearchTests";
				PRODUCT_NAME = "$(TARGET_NAME)";
				SWIFT_EMIT_LOC_STRINGS = NO;
				SWIFT_VERSION = 5.0;
				TARGETED_DEVICE_FAMILY = "1,2";
				TEST_HOST = "$(BUILT_PRODUCTS_DIR)/Stock Search.app/$(BUNDLE_EXECUTABLE_FOLDER_PATH)/Stock Search";
			};
			name = Debug;
		};
		6F18D7AF2BCADE1900E16FFA /* Release */ = {
			isa = XCBuildConfiguration;
			buildSettings = {
				ALWAYS_EMBED_SWIFT_STANDARD_LIBRARIES = YES;
				BUNDLE_LOADER = "$(TEST_HOST)";
				CODE_SIGN_STYLE = Automatic;
				CURRENT_PROJECT_VERSION = 1;
				GENERATE_INFOPLIST_FILE = YES;
				IPHONEOS_DEPLOYMENT_TARGET = 17.2;
				MARKETING_VERSION = 1.0;
				PRODUCT_BUNDLE_IDENTIFIER = "com.dreddyyerram.Stock-SearchTests";
				PRODUCT_NAME = "$(TARGET_NAME)";
				SWIFT_EMIT_LOC_STRINGS = NO;
				SWIFT_VERSION = 5.0;
				TARGETED_DEVICE_FAMILY = "1,2";
				TEST_HOST = "$(BUILT_PRODUCTS_DIR)/Stock Search.app/$(BUNDLE_EXECUTABLE_FOLDER_PATH)/Stock Search";
			};
			name = Release;
		};
		6F18D7B12BCADE1900E16FFA /* Debug */ = {
			isa = XCBuildConfiguration;
			buildSettings = {
				ALWAYS_EMBED_SWIFT_STANDARD_LIBRARIES = YES;
				CODE_SIGN_STYLE = Automatic;
				CURRENT_PROJECT_VERSION = 1;
				GENERATE_INFOPLIST_FILE = YES;
				MARKETING_VERSION = 1.0;
				PRODUCT_BUNDLE_IDENTIFIER = "com.dreddyyerram.Stock-SearchUITests";
				PRODUCT_NAME = "$(TARGET_NAME)";
				SWIFT_EMIT_LOC_STRINGS = NO;
				SWIFT_VERSION = 5.0;
				TARGETED_DEVICE_FAMILY = "1,2";
				TEST_TARGET_NAME = "Stock Search";
			};
			name = Debug;
		};
		6F18D7B22BCADE1900E16FFA /* Release */ = {
			isa = XCBuildConfiguration;
			buildSettings = {
				ALWAYS_EMBED_SWIFT_STANDARD_LIBRARIES = YES;
				CODE_SIGN_STYLE = Automatic;
				CURRENT_PROJECT_VERSION = 1;
				GENERATE_INFOPLIST_FILE = YES;
				MARKETING_VERSION = 1.0;
				PRODUCT_BUNDLE_IDENTIFIER = "com.dreddyyerram.Stock-SearchUITests";
				PRODUCT_NAME = "$(TARGET_NAME)";
				SWIFT_EMIT_LOC_STRINGS = NO;
				SWIFT_VERSION = 5.0;
				TARGETED_DEVICE_FAMILY = "1,2";
				TEST_TARGET_NAME = "Stock Search";
			};
			name = Release;
		};
/* End XCBuildConfiguration section */

/* Begin XCConfigurationList section */
		6F18D7812BCADE1800E16FFA /* Build configuration list for PBXProject "Stock Search" */ = {
			isa = XCConfigurationList;
			buildConfigurations = (
				6F18D7A82BCADE1900E16FFA /* Debug */,
				6F18D7A92BCADE1900E16FFA /* Release */,
			);
			defaultConfigurationIsVisible = 0;
			defaultConfigurationName = Release;
		};
		6F18D7AA2BCADE1900E16FFA /* Build configuration list for PBXNativeTarget "Stock Search" */ = {
			isa = XCConfigurationList;
			buildConfigurations = (
				6F18D7AB2BCADE1900E16FFA /* Debug */,
				6F18D7AC2BCADE1900E16FFA /* Release */,
			);
			defaultConfigurationIsVisible = 0;
			defaultConfigurationName = Release;
		};
		6F18D7AD2BCADE1900E16FFA /* Build configuration list for PBXNativeTarget "Stock SearchTests" */ = {
			isa = XCConfigurationList;
			buildConfigurations = (
				6F18D7AE2BCADE1900E16FFA /* Debug */,
				6F18D7AF2BCADE1900E16FFA /* Release */,
			);
			defaultConfigurationIsVisible = 0;
			defaultConfigurationName = Release;
		};
		6F18D7B02BCADE1900E16FFA /* Build configuration list for PBXNativeTarget "Stock SearchUITests" */ = {
			isa = XCConfigurationList;
			buildConfigurations = (
				6F18D7B12BCADE1900E16FFA /* Debug */,
				6F18D7B22BCADE1900E16FFA /* Release */,
			);
			defaultConfigurationIsVisible = 0;
			defaultConfigurationName = Release;
		};
/* End XCConfigurationList section */

/* Begin XCRemoteSwiftPackageReference section */
		6F6109F92BCE3F1C00D755E9 /* XCRemoteSwiftPackageReference "Alamofire" */ = {
			isa = XCRemoteSwiftPackageReference;
			repositoryURL = "https://github.com/Alamofire/Alamofire.git";
			requirement = {
				kind = upToNextMajorVersion;
				minimumVersion = 5.9.1;
			};
		};
		6F6109FA2BCE3F6B00D755E9 /* XCRemoteSwiftPackageReference "SwiftyJSON" */ = {
			isa = XCRemoteSwiftPackageReference;
			repositoryURL = "https://github.com/SwiftyJSON/SwiftyJSON.git";
			requirement = {
				kind = upToNextMajorVersion;
				minimumVersion = 5.0.2;
			};
		};
		6FAC3DE22BDDDFE700465946 /* XCRemoteSwiftPackageReference "Kingfisher" */ = {
			isa = XCRemoteSwiftPackageReference;
			repositoryURL = "https://github.com/onevcat/Kingfisher.git";
			requirement = {
				kind = upToNextMajorVersion;
				minimumVersion = 7.11.0;
			};
		};
/* End XCRemoteSwiftPackageReference section */

/* Begin XCSwiftPackageProductDependency section */
		6F6109FB2BCE3F6B00D755E9 /* SwiftyJSON */ = {
			isa = XCSwiftPackageProductDependency;
			package = 6F6109FA2BCE3F6B00D755E9 /* XCRemoteSwiftPackageReference "SwiftyJSON" */;
			productName = SwiftyJSON;
		};
		6F6109FE2BCE40F600D755E9 /* Alamofire */ = {
			isa = XCSwiftPackageProductDependency;
			package = 6F6109F92BCE3F1C00D755E9 /* XCRemoteSwiftPackageReference "Alamofire" */;
			productName = Alamofire;
		};
		6FAC3DE32BDDDFE700465946 /* Kingfisher */ = {
			isa = XCSwiftPackageProductDependency;
			package = 6FAC3DE22BDDDFE700465946 /* XCRemoteSwiftPackageReference "Kingfisher" */;
			productName = Kingfisher;
		};
/* End XCSwiftPackageProductDependency section */
	};
	rootObject = 6F18D77E2BCADE1800E16FFA /* Project object */;
}
